// !$*UTF8*$!
{
	archiveVersion = 1;
	classes = {
	};
	objectVersion = 50;
	objects = {

/* Begin PBXBuildFile section */
		6AB9F00E26D35822009E65C9 /* AppDelegate.swift in Sources */ = {isa = PBXBuildFile; fileRef = 6AB9F00D26D35822009E65C9 /* AppDelegate.swift */; };
		6AB9F01026D35822009E65C9 /* SceneDelegate.swift in Sources */ = {isa = PBXBuildFile; fileRef = 6AB9F00F26D35822009E65C9 /* SceneDelegate.swift */; };
		6AB9F01226D35822009E65C9 /* ConversationViewController.swift in Sources */ = {isa = PBXBuildFile; fileRef = 6AB9F01126D35822009E65C9 /* ConversationViewController.swift */; };
		6AB9F01526D35822009E65C9 /* Main.storyboard in Resources */ = {isa = PBXBuildFile; fileRef = 6AB9F01326D35822009E65C9 /* Main.storyboard */; };
		6AB9F01826D35822009E65C9 /* ChatApplication.xcdatamodeld in Sources */ = {isa = PBXBuildFile; fileRef = 6AB9F01626D35822009E65C9 /* ChatApplication.xcdatamodeld */; };
		6AB9F01A26D35824009E65C9 /* Assets.xcassets in Resources */ = {isa = PBXBuildFile; fileRef = 6AB9F01926D35824009E65C9 /* Assets.xcassets */; };
		6AB9F01D26D35824009E65C9 /* LaunchScreen.storyboard in Resources */ = {isa = PBXBuildFile; fileRef = 6AB9F01B26D35824009E65C9 /* LaunchScreen.storyboard */; };
		6AB9F02926D358CE009E65C9 /* LoginViewController.swift in Sources */ = {isa = PBXBuildFile; fileRef = 6AB9F02826D358CE009E65C9 /* LoginViewController.swift */; };
		6AB9F02B26D358D5009E65C9 /* RegisterViewController.swift in Sources */ = {isa = PBXBuildFile; fileRef = 6AB9F02A26D358D5009E65C9 /* RegisterViewController.swift */; };
		6AB9F02D26D358FA009E65C9 /* PhotoViewerViewController.swift in Sources */ = {isa = PBXBuildFile; fileRef = 6AB9F02C26D358FA009E65C9 /* PhotoViewerViewController.swift */; };
		6AB9F02F26D35902009E65C9 /* VideoPlayerViewController.swift in Sources */ = {isa = PBXBuildFile; fileRef = 6AB9F02E26D35902009E65C9 /* VideoPlayerViewController.swift */; };
		6AB9F03126D3591D009E65C9 /* ProfileViewController.swift in Sources */ = {isa = PBXBuildFile; fileRef = 6AB9F03026D3591D009E65C9 /* ProfileViewController.swift */; };
		6AB9F03326D35927009E65C9 /* NewConversationViewController.swift in Sources */ = {isa = PBXBuildFile; fileRef = 6AB9F03226D35927009E65C9 /* NewConversationViewController.swift */; };
/* End PBXBuildFile section */

/* Begin PBXFileReference section */
		6AB9F00A26D35822009E65C9 /* ChatApplication.app */ = {isa = PBXFileReference; explicitFileType = wrapper.application; includeInIndex = 0; path = ChatApplication.app; sourceTree = BUILT_PRODUCTS_DIR; };
		6AB9F00D26D35822009E65C9 /* AppDelegate.swift */ = {isa = PBXFileReference; lastKnownFileType = sourcecode.swift; path = AppDelegate.swift; sourceTree = "<group>"; };
		6AB9F00F26D35822009E65C9 /* SceneDelegate.swift */ = {isa = PBXFileReference; lastKnownFileType = sourcecode.swift; path = SceneDelegate.swift; sourceTree = "<group>"; };
		6AB9F01126D35822009E65C9 /* ConversationViewController.swift */ = {isa = PBXFileReference; lastKnownFileType = sourcecode.swift; path = ConversationViewController.swift; sourceTree = "<group>"; };
		6AB9F01426D35822009E65C9 /* Base */ = {isa = PBXFileReference; lastKnownFileType = file.storyboard; name = Base; path = Base.lproj/Main.storyboard; sourceTree = "<group>"; };
		6AB9F01726D35822009E65C9 /* ChatApplication.xcdatamodel */ = {isa = PBXFileReference; lastKnownFileType = wrapper.xcdatamodel; path = ChatApplication.xcdatamodel; sourceTree = "<group>"; };
		6AB9F01926D35824009E65C9 /* Assets.xcassets */ = {isa = PBXFileReference; lastKnownFileType = folder.assetcatalog; path = Assets.xcassets; sourceTree = "<group>"; };
		6AB9F01C26D35824009E65C9 /* Base */ = {isa = PBXFileReference; lastKnownFileType = file.storyboard; name = Base; path = Base.lproj/LaunchScreen.storyboard; sourceTree = "<group>"; };
		6AB9F01E26D35824009E65C9 /* Info.plist */ = {isa = PBXFileReference; lastKnownFileType = text.plist.xml; path = Info.plist; sourceTree = "<group>"; };
		6AB9F02826D358CE009E65C9 /* LoginViewController.swift */ = {isa = PBXFileReference; lastKnownFileType = sourcecode.swift; path = LoginViewController.swift; sourceTree = "<group>"; };
		6AB9F02A26D358D5009E65C9 /* RegisterViewController.swift */ = {isa = PBXFileReference; lastKnownFileType = sourcecode.swift; path = RegisterViewController.swift; sourceTree = "<group>"; };
		6AB9F02C26D358FA009E65C9 /* PhotoViewerViewController.swift */ = {isa = PBXFileReference; lastKnownFileType = sourcecode.swift; path = PhotoViewerViewController.swift; sourceTree = "<group>"; };
		6AB9F02E26D35902009E65C9 /* VideoPlayerViewController.swift */ = {isa = PBXFileReference; lastKnownFileType = sourcecode.swift; path = VideoPlayerViewController.swift; sourceTree = "<group>"; };
		6AB9F03026D3591D009E65C9 /* ProfileViewController.swift */ = {isa = PBXFileReference; lastKnownFileType = sourcecode.swift; path = ProfileViewController.swift; sourceTree = "<group>"; };
		6AB9F03226D35927009E65C9 /* NewConversationViewController.swift */ = {isa = PBXFileReference; lastKnownFileType = sourcecode.swift; path = NewConversationViewController.swift; sourceTree = "<group>"; };
/* End PBXFileReference section */

/* Begin PBXFrameworksBuildPhase section */
		6AB9F00726D35822009E65C9 /* Frameworks */ = {
			isa = PBXFrameworksBuildPhase;
			buildActionMask = 2147483647;
			files = (
			);
			runOnlyForDeploymentPostprocessing = 0;
		};
/* End PBXFrameworksBuildPhase section */

/* Begin PBXGroup section */
		6AB9F00126D35822009E65C9 = {
			isa = PBXGroup;
			children = (
				6AB9F02426D35830009E65C9 /* View */,
				6AB9F02526D3583A009E65C9 /* Model */,
				6AB9F00C26D35822009E65C9 /* ChatApplication */,
				6AB9F00B26D35822009E65C9 /* Products */,
			);
			sourceTree = "<group>";
		};
		6AB9F00B26D35822009E65C9 /* Products */ = {
			isa = PBXGroup;
			children = (
				6AB9F00A26D35822009E65C9 /* ChatApplication.app */,
			);
			name = Products;
			sourceTree = "<group>";
		};
		6AB9F00C26D35822009E65C9 /* ChatApplication */ = {
			isa = PBXGroup;
			children = (
				6AB9F00D26D35822009E65C9 /* AppDelegate.swift */,
				6AB9F00F26D35822009E65C9 /* SceneDelegate.swift */,
				6AB9F01E26D35824009E65C9 /* Info.plist */,
				6AB9F01626D35822009E65C9 /* ChatApplication.xcdatamodeld */,
				6AB9F02626D35848009E65C9 /* Controller */,
			);
			path = ChatApplication;
			sourceTree = "<group>";
		};
		6AB9F02426D35830009E65C9 /* View */ = {
			isa = PBXGroup;
			children = (
				6AB9F01326D35822009E65C9 /* Main.storyboard */,
				6AB9F01926D35824009E65C9 /* Assets.xcassets */,
				6AB9F01B26D35824009E65C9 /* LaunchScreen.storyboard */,
			);
			path = View;
			sourceTree = "<group>";
		};
		6AB9F02526D3583A009E65C9 /* Model */ = {
			isa = PBXGroup;
			children = (
			);
			path = Model;
			sourceTree = "<group>";
		};
		6AB9F02626D35848009E65C9 /* Controller */ = {
			isa = PBXGroup;
			children = (
				6AB9F01126D35822009E65C9 /* ConversationViewController.swift */,
				6AB9F02726D358B2009E65C9 /* Login */,
				6AB9F02C26D358FA009E65C9 /* PhotoViewerViewController.swift */,
				6AB9F02E26D35902009E65C9 /* VideoPlayerViewController.swift */,
				6AB9F03026D3591D009E65C9 /* ProfileViewController.swift */,
				6AB9F03226D35927009E65C9 /* NewConversationViewController.swift */,
			);
			path = Controller;
			sourceTree = "<group>";
		};
		6AB9F02726D358B2009E65C9 /* Login */ = {
			isa = PBXGroup;
			children = (
				6AB9F02826D358CE009E65C9 /* LoginViewController.swift */,
				6AB9F02A26D358D5009E65C9 /* RegisterViewController.swift */,
			);
			path = Login;
			sourceTree = "<group>";
		};
/* End PBXGroup section */

/* Begin PBXNativeTarget section */
		6AB9F00926D35822009E65C9 /* ChatApplication */ = {
			isa = PBXNativeTarget;
			buildConfigurationList = 6AB9F02126D35824009E65C9 /* Build configuration list for PBXNativeTarget "ChatApplication" */;
			buildPhases = (
				6AB9F00626D35822009E65C9 /* Sources */,
				6AB9F00726D35822009E65C9 /* Frameworks */,
				6AB9F00826D35822009E65C9 /* Resources */,
			);
			buildRules = (
			);
			dependencies = (
			);
			name = ChatApplication;
			productName = ChatApplication;
			productReference = 6AB9F00A26D35822009E65C9 /* ChatApplication.app */;
			productType = "com.apple.product-type.application";
		};
/* End PBXNativeTarget section */

/* Begin PBXProject section */
		6AB9F00226D35822009E65C9 /* Project object */ = {
			isa = PBXProject;
			attributes = {
				LastSwiftUpdateCheck = 1250;
				LastUpgradeCheck = 1250;
				TargetAttributes = {
					6AB9F00926D35822009E65C9 = {
						CreatedOnToolsVersion = 12.5.1;
					};
				};
			};
			buildConfigurationList = 6AB9F00526D35822009E65C9 /* Build configuration list for PBXProject "ChatApplication" */;
			compatibilityVersion = "Xcode 9.3";
			developmentRegion = en;
			hasScannedForEncodings = 0;
			knownRegions = (
				en,
				Base,
			);
			mainGroup = 6AB9F00126D35822009E65C9;
			productRefGroup = 6AB9F00B26D35822009E65C9 /* Products */;
			projectDirPath = "";
			projectRoot = "";
			targets = (
				6AB9F00926D35822009E65C9 /* ChatApplication */,
			);
		};
/* End PBXProject section */

/* Begin PBXResourcesBuildPhase section */
		6AB9F00826D35822009E65C9 /* Resources */ = {
			isa = PBXResourcesBuildPhase;
			buildActionMask = 2147483647;
			files = (
				6AB9F01D26D35824009E65C9 /* LaunchScreen.storyboard in Resources */,
				6AB9F01A26D35824009E65C9 /* Assets.xcassets in Resources */,
				6AB9F01526D35822009E65C9 /* Main.storyboard in Resources */,
			);
			runOnlyForDeploymentPostprocessing = 0;
		};
/* End PBXResourcesBuildPhase section */

/* Begin PBXSourcesBuildPhase section */
		6AB9F00626D35822009E65C9 /* Sources */ = {
			isa = PBXSourcesBuildPhase;
			buildActionMask = 2147483647;
			files = (
				6AB9F01826D35822009E65C9 /* ChatApplication.xcdatamodeld in Sources */,
				6AB9F01226D35822009E65C9 /* ConversationViewController.swift in Sources */,
				6AB9F00E26D35822009E65C9 /* AppDelegate.swift in Sources */,
				6AB9F02D26D358FA009E65C9 /* PhotoViewerViewController.swift in Sources */,
				6AB9F02B26D358D5009E65C9 /* RegisterViewController.swift in Sources */,
				6AB9F02F26D35902009E65C9 /* VideoPlayerViewController.swift in Sources */,
				6AB9F03126D3591D009E65C9 /* ProfileViewController.swift in Sources */,
				6AB9F02926D358CE009E65C9 /* LoginViewController.swift in Sources */,
				6AB9F03326D35927009E65C9 /* NewConversationViewController.swift in Sources */,
				6AB9F01026D35822009E65C9 /* SceneDelegate.swift in Sources */,
			);
			runOnlyForDeploymentPostprocessing = 0;
		};
/* End PBXSourcesBuildPhase section */

/* Begin PBXVariantGroup section */
		6AB9F01326D35822009E65C9 /* Main.storyboard */ = {
			isa = PBXVariantGroup;
			children = (
				6AB9F01426D35822009E65C9 /* Base */,
			);
			name = Main.storyboard;
			sourceTree = "<group>";
		};
		6AB9F01B26D35824009E65C9 /* LaunchScreen.storyboard */ = {
			isa = PBXVariantGroup;
			children = (
				6AB9F01C26D35824009E65C9 /* Base */,
			);
			name = LaunchScreen.storyboard;
			sourceTree = "<group>";
		};
/* End PBXVariantGroup section */

/* Begin XCBuildConfiguration section */
		6AB9F01F26D35824009E65C9 /* Debug */ = {
			isa = XCBuildConfiguration;
			buildSettings = {
				ALWAYS_SEARCH_USER_PATHS = NO;
				CLANG_ANALYZER_NONNULL = YES;
				CLANG_ANALYZER_NUMBER_OBJECT_CONVERSION = YES_AGGRESSIVE;
				CLANG_CXX_LANGUAGE_STANDARD = "gnu++14";
				CLANG_CXX_LIBRARY = "libc++";
				CLANG_ENABLE_MODULES = YES;
				CLANG_ENABLE_OBJC_ARC = YES;
				CLANG_ENABLE_OBJC_WEAK = YES;
				CLANG_WARN_BLOCK_CAPTURE_AUTORELEASING = YES;
				CLANG_WARN_BOOL_CONVERSION = YES;
				CLANG_WARN_COMMA = YES;
				CLANG_WARN_CONSTANT_CONVERSION = YES;
				CLANG_WARN_DEPRECATED_OBJC_IMPLEMENTATIONS = YES;
				CLANG_WARN_DIRECT_OBJC_ISA_USAGE = YES_ERROR;
				CLANG_WARN_DOCUMENTATION_COMMENTS = YES;
				CLANG_WARN_EMPTY_BODY = YES;
				CLANG_WARN_ENUM_CONVERSION = YES;
				CLANG_WARN_INFINITE_RECURSION = YES;
				CLANG_WARN_INT_CONVERSION = YES;
				CLANG_WARN_NON_LITERAL_NULL_CONVERSION = YES;
				CLANG_WARN_OBJC_IMPLICIT_RETAIN_SELF = YES;
				CLANG_WARN_OBJC_LITERAL_CONVERSION = YES;
				CLANG_WARN_OBJC_ROOT_CLASS = YES_ERROR;
				CLANG_WARN_QUOTED_INCLUDE_IN_FRAMEWORK_HEADER = YES;
				CLANG_WARN_RANGE_LOOP_ANALYSIS = YES;
				CLANG_WARN_STRICT_PROTOTYPES = YES;
				CLANG_WARN_SUSPICIOUS_MOVE = YES;
				CLANG_WARN_UNGUARDED_AVAILABILITY = YES_AGGRESSIVE;
				CLANG_WARN_UNREACHABLE_CODE = YES;
				CLANG_WARN__DUPLICATE_METHOD_MATCH = YES;
				COPY_PHASE_STRIP = NO;
				DEBUG_INFORMATION_FORMAT = dwarf;
				ENABLE_STRICT_OBJC_MSGSEND = YES;
				ENABLE_TESTABILITY = YES;
				GCC_C_LANGUAGE_STANDARD = gnu11;
				GCC_DYNAMIC_NO_PIC = NO;
				GCC_NO_COMMON_BLOCKS = YES;
				GCC_OPTIMIZATION_LEVEL = 0;
				GCC_PREPROCESSOR_DEFINITIONS = (
					"DEBUG=1",
					"$(inherited)",
				);
				GCC_WARN_64_TO_32_BIT_CONVERSION = YES;
				GCC_WARN_ABOUT_RETURN_TYPE = YES_ERROR;
				GCC_WARN_UNDECLARED_SELECTOR = YES;
				GCC_WARN_UNINITIALIZED_AUTOS = YES_AGGRESSIVE;
				GCC_WARN_UNUSED_FUNCTION = YES;
				GCC_WARN_UNUSED_VARIABLE = YES;
				IPHONEOS_DEPLOYMENT_TARGET = 14.5;
				MTL_ENABLE_DEBUG_INFO = INCLUDE_SOURCE;
				MTL_FAST_MATH = YES;
				ONLY_ACTIVE_ARCH = YES;
				SDKROOT = iphoneos;
				SWIFT_ACTIVE_COMPILATION_CONDITIONS = DEBUG;
				SWIFT_OPTIMIZATION_LEVEL = "-Onone";
			};
			name = Debug;
		};
		6AB9F02026D35824009E65C9 /* Release */ = {
			isa = XCBuildConfiguration;
			buildSettings = {
				ALWAYS_SEARCH_USER_PATHS = NO;
				CLANG_ANALYZER_NONNULL = YES;
				CLANG_ANALYZER_NUMBER_OBJECT_CONVERSION = YES_AGGRESSIVE;
				CLANG_CXX_LANGUAGE_STANDARD = "gnu++14";
				CLANG_CXX_LIBRARY = "libc++";
				CLANG_ENABLE_MODULES = YES;
				CLANG_ENABLE_OBJC_ARC = YES;
				CLANG_ENABLE_OBJC_WEAK = YES;
				CLANG_WARN_BLOCK_CAPTURE_AUTORELEASING = YES;
				CLANG_WARN_BOOL_CONVERSION = YES;
				CLANG_WARN_COMMA = YES;
				CLANG_WARN_CONSTANT_CONVERSION = YES;
				CLANG_WARN_DEPRECATED_OBJC_IMPLEMENTATIONS = YES;
				CLANG_WARN_DIRECT_OBJC_ISA_USAGE = YES_ERROR;
				CLANG_WARN_DOCUMENTATION_COMMENTS = YES;
				CLANG_WARN_EMPTY_BODY = YES;
				CLANG_WARN_ENUM_CONVERSION = YES;
				CLANG_WARN_INFINITE_RECURSION = YES;
				CLANG_WARN_INT_CONVERSION = YES;
				CLANG_WARN_NON_LITERAL_NULL_CONVERSION = YES;
				CLANG_WARN_OBJC_IMPLICIT_RETAIN_SELF = YES;
				CLANG_WARN_OBJC_LITERAL_CONVERSION = YES;
				CLANG_WARN_OBJC_ROOT_CLASS = YES_ERROR;
				CLANG_WARN_QUOTED_INCLUDE_IN_FRAMEWORK_HEADER = YES;
				CLANG_WARN_RANGE_LOOP_ANALYSIS = YES;
				CLANG_WARN_STRICT_PROTOTYPES = YES;
				CLANG_WARN_SUSPICIOUS_MOVE = YES;
				CLANG_WARN_UNGUARDED_AVAILABILITY = YES_AGGRESSIVE;
				CLANG_WARN_UNREACHABLE_CODE = YES;
				CLANG_WARN__DUPLICATE_METHOD_MATCH = YES;
				COPY_PHASE_STRIP = NO;
				DEBUG_INFORMATION_FORMAT = "dwarf-with-dsym";
				ENABLE_NS_ASSERTIONS = NO;
				ENABLE_STRICT_OBJC_MSGSEND = YES;
				GCC_C_LANGUAGE_STANDARD = gnu11;
				GCC_NO_COMMON_BLOCKS = YES;
				GCC_WARN_64_TO_32_BIT_CONVERSION = YES;
				GCC_WARN_ABOUT_RETURN_TYPE = YES_ERROR;
				GCC_WARN_UNDECLARED_SELECTOR = YES;
				GCC_WARN_UNINITIALIZED_AUTOS = YES_AGGRESSIVE;
				GCC_WARN_UNUSED_FUNCTION = YES;
				GCC_WARN_UNUSED_VARIABLE = YES;
				IPHONEOS_DEPLOYMENT_TARGET = 14.5;
				MTL_ENABLE_DEBUG_INFO = NO;
				MTL_FAST_MATH = YES;
				SDKROOT = iphoneos;
				SWIFT_COMPILATION_MODE = wholemodule;
				SWIFT_OPTIMIZATION_LEVEL = "-O";
				VALIDATE_PRODUCT = YES;
			};
			name = Release;
		};
		6AB9F02226D35824009E65C9 /* Debug */ = {
			isa = XCBuildConfiguration;
			buildSettings = {
				ASSETCATALOG_COMPILER_APPICON_NAME = AppIcon;
				ASSETCATALOG_COMPILER_GLOBAL_ACCENT_COLOR_NAME = AccentColor;
				CODE_SIGN_STYLE = Automatic;
				DEVELOPMENT_TEAM = L59JX52WK2;
				INFOPLIST_FILE = ChatApplication/Info.plist;
				LD_RUNPATH_SEARCH_PATHS = (
					"$(inherited)",
					"@executable_path/Frameworks",
				);
				PRODUCT_BUNDLE_IDENTIFIER = com.murali.ChatApplication;
				PRODUCT_NAME = "$(TARGET_NAME)";
				SWIFT_VERSION = 5.0;
				TARGETED_DEVICE_FAMILY = "1,2";
			};
			name = Debug;
		};
		6AB9F02326D35824009E65C9 /* Release */ = {
			isa = XCBuildConfiguration;
			buildSettings = {
				ASSETCATALOG_COMPILER_APPICON_NAME = AppIcon;
				ASSETCATALOG_COMPILER_GLOBAL_ACCENT_COLOR_NAME = AccentColor;
				CODE_SIGN_STYLE = Automatic;
				DEVELOPMENT_TEAM = L59JX52WK2;
				INFOPLIST_FILE = ChatApplication/Info.plist;
				LD_RUNPATH_SEARCH_PATHS = (
					"$(inherited)",
					"@executable_path/Frameworks",
				);
				PRODUCT_BUNDLE_IDENTIFIER = com.murali.ChatApplication;
				PRODUCT_NAME = "$(TARGET_NAME)";
				SWIFT_VERSION = 5.0;
				TARGETED_DEVICE_FAMILY = "1,2";
			};
			name = Release;
		};
/* End XCBuildConfiguration section */

/* Begin XCConfigurationList section */
		6AB9F00526D35822009E65C9 /* Build configuration list for PBXProject "ChatApplication" */ = {
			isa = XCConfigurationList;
			buildConfigurations = (
				6AB9F01F26D35824009E65C9 /* Debug */,
				6AB9F02026D35824009E65C9 /* Release */,
			);
			defaultConfigurationIsVisible = 0;
			defaultConfigurationName = Release;
		};
		6AB9F02126D35824009E65C9 /* Build configuration list for PBXNativeTarget "ChatApplication" */ = {
			isa = XCConfigurationList;
			buildConfigurations = (
				6AB9F02226D35824009E65C9 /* Debug */,
				6AB9F02326D35824009E65C9 /* Release */,
			);
			defaultConfigurationIsVisible = 0;
			defaultConfigurationName = Release;
		};
/* End XCConfigurationList section */

/* Begin XCVersionGroup section */
		6AB9F01626D35822009E65C9 /* ChatApplication.xcdatamodeld */ = {
			isa = XCVersionGroup;
			children = (
				6AB9F01726D35822009E65C9 /* ChatApplication.xcdatamodel */,
			);
			currentVersion = 6AB9F01726D35822009E65C9 /* ChatApplication.xcdatamodel */;
			path = ChatApplication.xcdatamodeld;
			sourceTree = "<group>";
			versionGroupType = wrapper.xcdatamodel;
		};
/* End XCVersionGroup section */
	};
	rootObject = 6AB9F00226D35822009E65C9 /* Project object */;
}
